// !$*UTF8*$!
{
	archiveVersion = 1;
	classes = {
	};
	objectVersion = 56;
	objects = {

/* Begin PBXBuildFile section */
		F306FA802A498159006C20D9 /* PosterCollectionViewCell.swift in Sources */ = {isa = PBXBuildFile; fileRef = F306FA7F2A498159006C20D9 /* PosterCollectionViewCell.swift */; };
		F306FA822A4996E5006C20D9 /* CacheManager.swift in Sources */ = {isa = PBXBuildFile; fileRef = F306FA812A4996E5006C20D9 /* CacheManager.swift */; };
		F306FA842A49B60E006C20D9 /* Genres.swift in Sources */ = {isa = PBXBuildFile; fileRef = F306FA832A49B60E006C20D9 /* Genres.swift */; };
		F32CEB7B2A458F3B003028A8 /* MainTabBarController.swift in Sources */ = {isa = PBXBuildFile; fileRef = F32CEB7A2A458F3B003028A8 /* MainTabBarController.swift */; };
		F3333DD02A44678B006BFA7F /* BlocksPageViewController.swift in Sources */ = {isa = PBXBuildFile; fileRef = F3333DCF2A44678B006BFA7F /* BlocksPageViewController.swift */; };
		F3333DD32A44681A006BFA7F /* DescriptionViewController.swift in Sources */ = {isa = PBXBuildFile; fileRef = F3333DD22A44681A006BFA7F /* DescriptionViewController.swift */; };
		F3333DD72A44688E006BFA7F /* SignUpViewController.swift in Sources */ = {isa = PBXBuildFile; fileRef = F3333DD62A44688E006BFA7F /* SignUpViewController.swift */; };
		F3333DD92A44689F006BFA7F /* SignUpViewController.storyboard in Resources */ = {isa = PBXBuildFile; fileRef = F3333DD82A44689F006BFA7F /* SignUpViewController.storyboard */; };
		F3333DDB2A446B94006BFA7F /* DescriptionViewController.storyboard in Resources */ = {isa = PBXBuildFile; fileRef = F3333DDA2A446B94006BFA7F /* DescriptionViewController.storyboard */; };
		F33C9CDB2A432D4A00781F70 /* SplashViewController.swift in Sources */ = {isa = PBXBuildFile; fileRef = F33C9CDA2A432D4A00781F70 /* SplashViewController.swift */; };
		F33C9CDD2A432D5A00781F70 /* SplashViewController.storyboard in Resources */ = {isa = PBXBuildFile; fileRef = F33C9CDC2A432D5A00781F70 /* SplashViewController.storyboard */; };
		F36028EC2A45947300D98F25 /* HomeViewController.swift in Sources */ = {isa = PBXBuildFile; fileRef = F36028EB2A45947300D98F25 /* HomeViewController.swift */; };
		F36028EE2A45948100D98F25 /* HomeViewController.storyboard in Resources */ = {isa = PBXBuildFile; fileRef = F36028ED2A45948100D98F25 /* HomeViewController.storyboard */; };
		F36028F02A4599B700D98F25 /* ComingSoonViewController.swift in Sources */ = {isa = PBXBuildFile; fileRef = F36028EF2A4599B700D98F25 /* ComingSoonViewController.swift */; };
		F36028F22A4599CD00D98F25 /* ComingSoonViewController.storyboard in Resources */ = {isa = PBXBuildFile; fileRef = F36028F12A4599CD00D98F25 /* ComingSoonViewController.storyboard */; };
		F36028F42A4599E400D98F25 /* FavoritesViewController.swift in Sources */ = {isa = PBXBuildFile; fileRef = F36028F32A4599E400D98F25 /* FavoritesViewController.swift */; };
		F36028F62A4599F200D98F25 /* FavoritesViewController.storyboard in Resources */ = {isa = PBXBuildFile; fileRef = F36028F52A4599F200D98F25 /* FavoritesViewController.storyboard */; };
		F36028F92A45BE2E00D98F25 /* Movies.swift in Sources */ = {isa = PBXBuildFile; fileRef = F36028F82A45BE2E00D98F25 /* Movies.swift */; };
		F36028FB2A45C8C900D98F25 /* MoyaProvider.swift in Sources */ = {isa = PBXBuildFile; fileRef = F36028FA2A45C8C900D98F25 /* MoyaProvider.swift */; };
		F3D22BF82A42ECA00014F799 /* AppDelegate.swift in Sources */ = {isa = PBXBuildFile; fileRef = F3D22BF72A42ECA00014F799 /* AppDelegate.swift */; };
		F3D22BFA2A42ECA00014F799 /* SceneDelegate.swift in Sources */ = {isa = PBXBuildFile; fileRef = F3D22BF92A42ECA00014F799 /* SceneDelegate.swift */; };
		F3D22BFC2A42ECA00014F799 /* OnboardingViewController.swift in Sources */ = {isa = PBXBuildFile; fileRef = F3D22BFB2A42ECA00014F799 /* OnboardingViewController.swift */; };
		F3D22BFF2A42ECA00014F799 /* OnboardingViewController.storyboard in Resources */ = {isa = PBXBuildFile; fileRef = F3D22BFD2A42ECA00014F799 /* OnboardingViewController.storyboard */; };
		F3D22C012A42ECA20014F799 /* Assets.xcassets in Resources */ = {isa = PBXBuildFile; fileRef = F3D22C002A42ECA20014F799 /* Assets.xcassets */; };
		F3D22C042A42ECA20014F799 /* LaunchScreen.storyboard in Resources */ = {isa = PBXBuildFile; fileRef = F3D22C022A42ECA20014F799 /* LaunchScreen.storyboard */; };
		F3D22C0D2A42F4A30014F799 /* Moya in Frameworks */ = {isa = PBXBuildFile; productRef = F3D22C0C2A42F4A30014F799 /* Moya */; };
		F3D22C102A42F9AC0014F799 /* LoginViewController.swift in Sources */ = {isa = PBXBuildFile; fileRef = F3D22C0E2A42F9AC0014F799 /* LoginViewController.swift */; };
		F3D22C132A43081A0014F799 /* LoginViewController.storyboard in Resources */ = {isa = PBXBuildFile; fileRef = F3D22C122A43081A0014F799 /* LoginViewController.storyboard */; };
		F3D22C152A4315400014F799 /* LoginTextField.swift in Sources */ = {isa = PBXBuildFile; fileRef = F3D22C142A4315400014F799 /* LoginTextField.swift */; };
/* End PBXBuildFile section */

/* Begin PBXFileReference section */
		F306FA7F2A498159006C20D9 /* PosterCollectionViewCell.swift */ = {isa = PBXFileReference; lastKnownFileType = sourcecode.swift; path = PosterCollectionViewCell.swift; sourceTree = "<group>"; };
		F306FA812A4996E5006C20D9 /* CacheManager.swift */ = {isa = PBXFileReference; lastKnownFileType = sourcecode.swift; path = CacheManager.swift; sourceTree = "<group>"; };
		F306FA832A49B60E006C20D9 /* Genres.swift */ = {isa = PBXFileReference; lastKnownFileType = sourcecode.swift; path = Genres.swift; sourceTree = "<group>"; };
		F32CEB7A2A458F3B003028A8 /* MainTabBarController.swift */ = {isa = PBXFileReference; lastKnownFileType = sourcecode.swift; path = MainTabBarController.swift; sourceTree = "<group>"; };
		F3333DCF2A44678B006BFA7F /* BlocksPageViewController.swift */ = {isa = PBXFileReference; lastKnownFileType = sourcecode.swift; path = BlocksPageViewController.swift; sourceTree = "<group>"; };
		F3333DD22A44681A006BFA7F /* DescriptionViewController.swift */ = {isa = PBXFileReference; lastKnownFileType = sourcecode.swift; path = DescriptionViewController.swift; sourceTree = "<group>"; };
		F3333DD62A44688E006BFA7F /* SignUpViewController.swift */ = {isa = PBXFileReference; lastKnownFileType = sourcecode.swift; path = SignUpViewController.swift; sourceTree = "<group>"; };
		F3333DD82A44689F006BFA7F /* SignUpViewController.storyboard */ = {isa = PBXFileReference; lastKnownFileType = file.storyboard; path = SignUpViewController.storyboard; sourceTree = "<group>"; };
		F3333DDA2A446B94006BFA7F /* DescriptionViewController.storyboard */ = {isa = PBXFileReference; lastKnownFileType = file.storyboard; path = DescriptionViewController.storyboard; sourceTree = "<group>"; };
		F33C9CDA2A432D4A00781F70 /* SplashViewController.swift */ = {isa = PBXFileReference; lastKnownFileType = sourcecode.swift; path = SplashViewController.swift; sourceTree = "<group>"; };
		F33C9CDC2A432D5A00781F70 /* SplashViewController.storyboard */ = {isa = PBXFileReference; lastKnownFileType = file.storyboard; path = SplashViewController.storyboard; sourceTree = "<group>"; };
		F36028EB2A45947300D98F25 /* HomeViewController.swift */ = {isa = PBXFileReference; lastKnownFileType = sourcecode.swift; path = HomeViewController.swift; sourceTree = "<group>"; };
		F36028ED2A45948100D98F25 /* HomeViewController.storyboard */ = {isa = PBXFileReference; lastKnownFileType = file.storyboard; path = HomeViewController.storyboard; sourceTree = "<group>"; };
		F36028EF2A4599B700D98F25 /* ComingSoonViewController.swift */ = {isa = PBXFileReference; lastKnownFileType = sourcecode.swift; path = ComingSoonViewController.swift; sourceTree = "<group>"; };
		F36028F12A4599CD00D98F25 /* ComingSoonViewController.storyboard */ = {isa = PBXFileReference; lastKnownFileType = file.storyboard; path = ComingSoonViewController.storyboard; sourceTree = "<group>"; };
		F36028F32A4599E400D98F25 /* FavoritesViewController.swift */ = {isa = PBXFileReference; lastKnownFileType = sourcecode.swift; path = FavoritesViewController.swift; sourceTree = "<group>"; };
		F36028F52A4599F200D98F25 /* FavoritesViewController.storyboard */ = {isa = PBXFileReference; lastKnownFileType = file.storyboard; path = FavoritesViewController.storyboard; sourceTree = "<group>"; };
		F36028F82A45BE2E00D98F25 /* Movies.swift */ = {isa = PBXFileReference; lastKnownFileType = sourcecode.swift; path = Movies.swift; sourceTree = "<group>"; };
		F36028FA2A45C8C900D98F25 /* MoyaProvider.swift */ = {isa = PBXFileReference; lastKnownFileType = sourcecode.swift; path = MoyaProvider.swift; sourceTree = "<group>"; };
		F3D22BF42A42ECA00014F799 /* NetflixDB.app */ = {isa = PBXFileReference; explicitFileType = wrapper.application; includeInIndex = 0; path = NetflixDB.app; sourceTree = BUILT_PRODUCTS_DIR; };
		F3D22BF72A42ECA00014F799 /* AppDelegate.swift */ = {isa = PBXFileReference; lastKnownFileType = sourcecode.swift; path = AppDelegate.swift; sourceTree = "<group>"; };
		F3D22BF92A42ECA00014F799 /* SceneDelegate.swift */ = {isa = PBXFileReference; lastKnownFileType = sourcecode.swift; path = SceneDelegate.swift; sourceTree = "<group>"; };
		F3D22BFB2A42ECA00014F799 /* OnboardingViewController.swift */ = {isa = PBXFileReference; lastKnownFileType = sourcecode.swift; path = OnboardingViewController.swift; sourceTree = "<group>"; };
		F3D22BFE2A42ECA00014F799 /* Base */ = {isa = PBXFileReference; lastKnownFileType = file.storyboard; name = Base; path = Base.lproj/OnboardingViewController.storyboard; sourceTree = "<group>"; };
		F3D22C002A42ECA20014F799 /* Assets.xcassets */ = {isa = PBXFileReference; lastKnownFileType = folder.assetcatalog; path = Assets.xcassets; sourceTree = "<group>"; };
		F3D22C032A42ECA20014F799 /* Base */ = {isa = PBXFileReference; lastKnownFileType = file.storyboard; name = Base; path = Base.lproj/LaunchScreen.storyboard; sourceTree = "<group>"; };
		F3D22C052A42ECA20014F799 /* Info.plist */ = {isa = PBXFileReference; lastKnownFileType = text.plist.xml; path = Info.plist; sourceTree = "<group>"; };
		F3D22C0E2A42F9AC0014F799 /* LoginViewController.swift */ = {isa = PBXFileReference; lastKnownFileType = sourcecode.swift; path = LoginViewController.swift; sourceTree = "<group>"; };
		F3D22C122A43081A0014F799 /* LoginViewController.storyboard */ = {isa = PBXFileReference; lastKnownFileType = file.storyboard; path = LoginViewController.storyboard; sourceTree = "<group>"; };
		F3D22C142A4315400014F799 /* LoginTextField.swift */ = {isa = PBXFileReference; lastKnownFileType = sourcecode.swift; path = LoginTextField.swift; sourceTree = "<group>"; };
/* End PBXFileReference section */

/* Begin PBXFrameworksBuildPhase section */
		F3D22BF12A42ECA00014F799 /* Frameworks */ = {
			isa = PBXFrameworksBuildPhase;
			buildActionMask = 2147483647;
			files = (
				F3D22C0D2A42F4A30014F799 /* Moya in Frameworks */,
			);
			runOnlyForDeploymentPostprocessing = 0;
		};
/* End PBXFrameworksBuildPhase section */

/* Begin PBXGroup section */
		F32CEB782A458E49003028A8 /* InitialScreen */ = {
			isa = PBXGroup;
			children = (
				F33C9CDA2A432D4A00781F70 /* SplashViewController.swift */,
				F33C9CDC2A432D5A00781F70 /* SplashViewController.storyboard */,
				F3D22C022A42ECA20014F799 /* LaunchScreen.storyboard */,
				F3333DD12A4467D3006BFA7F /* OnboardingScreen */,
				F36028EA2A4593E600D98F25 /* LoginScreen */,
			);
			path = InitialScreen;
			sourceTree = "<group>";
		};
		F32CEB792A458E7A003028A8 /* MainScreen */ = {
			isa = PBXGroup;
			children = (
				F32CEB7A2A458F3B003028A8 /* MainTabBarController.swift */,
				F36028EB2A45947300D98F25 /* HomeViewController.swift */,
				F36028ED2A45948100D98F25 /* HomeViewController.storyboard */,
				F306FA7F2A498159006C20D9 /* PosterCollectionViewCell.swift */,
				F36028EF2A4599B700D98F25 /* ComingSoonViewController.swift */,
				F36028F12A4599CD00D98F25 /* ComingSoonViewController.storyboard */,
				F36028F32A4599E400D98F25 /* FavoritesViewController.swift */,
				F36028F52A4599F200D98F25 /* FavoritesViewController.storyboard */,
			);
			path = MainScreen;
			sourceTree = "<group>";
		};
		F3333DD12A4467D3006BFA7F /* OnboardingScreen */ = {
			isa = PBXGroup;
			children = (
				F3D22BFB2A42ECA00014F799 /* OnboardingViewController.swift */,
				F3D22BFD2A42ECA00014F799 /* OnboardingViewController.storyboard */,
				F3333DCF2A44678B006BFA7F /* BlocksPageViewController.swift */,
				F3333DD22A44681A006BFA7F /* DescriptionViewController.swift */,
				F3333DDA2A446B94006BFA7F /* DescriptionViewController.storyboard */,
				F3333DD62A44688E006BFA7F /* SignUpViewController.swift */,
				F3333DD82A44689F006BFA7F /* SignUpViewController.storyboard */,
			);
			path = OnboardingScreen;
			sourceTree = "<group>";
		};
		F36028EA2A4593E600D98F25 /* LoginScreen */ = {
			isa = PBXGroup;
			children = (
				F3D22C0E2A42F9AC0014F799 /* LoginViewController.swift */,
				F3D22C122A43081A0014F799 /* LoginViewController.storyboard */,
				F3D22C142A4315400014F799 /* LoginTextField.swift */,
			);
			path = LoginScreen;
			sourceTree = "<group>";
		};
		F36028F72A45B0DD00D98F25 /* Data */ = {
			isa = PBXGroup;
			children = (
				F36028F82A45BE2E00D98F25 /* Movies.swift */,
				F306FA832A49B60E006C20D9 /* Genres.swift */,
				F36028FA2A45C8C900D98F25 /* MoyaProvider.swift */,
				F306FA812A4996E5006C20D9 /* CacheManager.swift */,
			);
			path = Data;
			sourceTree = "<group>";
		};
		F3D22BEB2A42ECA00014F799 = {
			isa = PBXGroup;
			children = (
				F3D22BF62A42ECA00014F799 /* NetflixDB */,
				F3D22BF52A42ECA00014F799 /* Products */,
			);
			sourceTree = "<group>";
		};
		F3D22BF52A42ECA00014F799 /* Products */ = {
			isa = PBXGroup;
			children = (
				F3D22BF42A42ECA00014F799 /* NetflixDB.app */,
			);
			name = Products;
			sourceTree = "<group>";
		};
		F3D22BF62A42ECA00014F799 /* NetflixDB */ = {
			isa = PBXGroup;
			children = (
				F3D22BF72A42ECA00014F799 /* AppDelegate.swift */,
				F3D22BF92A42ECA00014F799 /* SceneDelegate.swift */,
				F36028F72A45B0DD00D98F25 /* Data */,
				F32CEB782A458E49003028A8 /* InitialScreen */,
				F32CEB792A458E7A003028A8 /* MainScreen */,
				F3D22C052A42ECA20014F799 /* Info.plist */,
				F3D22C002A42ECA20014F799 /* Assets.xcassets */,
			);
			path = NetflixDB;
			sourceTree = "<group>";
		};
/* End PBXGroup section */

/* Begin PBXNativeTarget section */
		F3D22BF32A42ECA00014F799 /* NetflixDB */ = {
			isa = PBXNativeTarget;
			buildConfigurationList = F3D22C082A42ECA20014F799 /* Build configuration list for PBXNativeTarget "NetflixDB" */;
			buildPhases = (
				F3D22BF02A42ECA00014F799 /* Sources */,
				F3D22BF12A42ECA00014F799 /* Frameworks */,
				F3D22BF22A42ECA00014F799 /* Resources */,
			);
			buildRules = (
			);
			dependencies = (
			);
			name = NetflixDB;
			packageProductDependencies = (
				F3D22C0C2A42F4A30014F799 /* Moya */,
			);
			productName = NetflixDB;
			productReference = F3D22BF42A42ECA00014F799 /* NetflixDB.app */;
			productType = "com.apple.product-type.application";
		};
/* End PBXNativeTarget section */

/* Begin PBXProject section */
		F3D22BEC2A42ECA00014F799 /* Project object */ = {
			isa = PBXProject;
			attributes = {
				BuildIndependentTargetsInParallel = 1;
				LastSwiftUpdateCheck = 1430;
				LastUpgradeCheck = 1430;
				TargetAttributes = {
					F3D22BF32A42ECA00014F799 = {
						CreatedOnToolsVersion = 14.3.1;
					};
				};
			};
			buildConfigurationList = F3D22BEF2A42ECA00014F799 /* Build configuration list for PBXProject "NetflixDB" */;
			compatibilityVersion = "Xcode 14.0";
			developmentRegion = en;
			hasScannedForEncodings = 0;
			knownRegions = (
				en,
				Base,
			);
			mainGroup = F3D22BEB2A42ECA00014F799;
			packageReferences = (
				F3D22C0B2A42F4A30014F799 /* XCRemoteSwiftPackageReference "Moya" */,
			);
			productRefGroup = F3D22BF52A42ECA00014F799 /* Products */;
			projectDirPath = "";
			projectRoot = "";
			targets = (
				F3D22BF32A42ECA00014F799 /* NetflixDB */,
			);
		};
/* End PBXProject section */

/* Begin PBXResourcesBuildPhase section */
		F3D22BF22A42ECA00014F799 /* Resources */ = {
			isa = PBXResourcesBuildPhase;
			buildActionMask = 2147483647;
			files = (
				F3333DDB2A446B94006BFA7F /* DescriptionViewController.storyboard in Resources */,
				F36028F22A4599CD00D98F25 /* ComingSoonViewController.storyboard in Resources */,
				F36028EE2A45948100D98F25 /* HomeViewController.storyboard in Resources */,
				F36028F62A4599F200D98F25 /* FavoritesViewController.storyboard in Resources */,
				F3D22C042A42ECA20014F799 /* LaunchScreen.storyboard in Resources */,
				F3D22C132A43081A0014F799 /* LoginViewController.storyboard in Resources */,
				F33C9CDD2A432D5A00781F70 /* SplashViewController.storyboard in Resources */,
				F3D22C012A42ECA20014F799 /* Assets.xcassets in Resources */,
				F3333DD92A44689F006BFA7F /* SignUpViewController.storyboard in Resources */,
				F3D22BFF2A42ECA00014F799 /* OnboardingViewController.storyboard in Resources */,
			);
			runOnlyForDeploymentPostprocessing = 0;
		};
/* End PBXResourcesBuildPhase section */

/* Begin PBXSourcesBuildPhase section */
		F3D22BF02A42ECA00014F799 /* Sources */ = {
			isa = PBXSourcesBuildPhase;
			buildActionMask = 2147483647;
			files = (
				F36028F02A4599B700D98F25 /* ComingSoonViewController.swift in Sources */,
				F36028F42A4599E400D98F25 /* FavoritesViewController.swift in Sources */,
				F3D22C102A42F9AC0014F799 /* LoginViewController.swift in Sources */,
				F306FA822A4996E5006C20D9 /* CacheManager.swift in Sources */,
				F32CEB7B2A458F3B003028A8 /* MainTabBarController.swift in Sources */,
				F3D22BFC2A42ECA00014F799 /* OnboardingViewController.swift in Sources */,
				F3333DD02A44678B006BFA7F /* BlocksPageViewController.swift in Sources */,
				F3333DD72A44688E006BFA7F /* SignUpViewController.swift in Sources */,
				F3D22BF82A42ECA00014F799 /* AppDelegate.swift in Sources */,
				F306FA842A49B60E006C20D9 /* Genres.swift in Sources */,
				F33C9CDB2A432D4A00781F70 /* SplashViewController.swift in Sources */,
				F3333DD32A44681A006BFA7F /* DescriptionViewController.swift in Sources */,
				F36028FB2A45C8C900D98F25 /* MoyaProvider.swift in Sources */,
				F3D22BFA2A42ECA00014F799 /* SceneDelegate.swift in Sources */,
				F3D22C152A4315400014F799 /* LoginTextField.swift in Sources */,
				F306FA802A498159006C20D9 /* PosterCollectionViewCell.swift in Sources */,
				F36028F92A45BE2E00D98F25 /* Movies.swift in Sources */,
				F36028EC2A45947300D98F25 /* HomeViewController.swift in Sources */,
			);
			runOnlyForDeploymentPostprocessing = 0;
		};
/* End PBXSourcesBuildPhase section */

/* Begin PBXVariantGroup section */
		F3D22BFD2A42ECA00014F799 /* OnboardingViewController.storyboard */ = {
			isa = PBXVariantGroup;
			children = (
				F3D22BFE2A42ECA00014F799 /* Base */,
			);
			name = OnboardingViewController.storyboard;
			sourceTree = "<group>";
		};
		F3D22C022A42ECA20014F799 /* LaunchScreen.storyboard */ = {
			isa = PBXVariantGroup;
			children = (
				F3D22C032A42ECA20014F799 /* Base */,
			);
			name = LaunchScreen.storyboard;
			sourceTree = "<group>";
		};
/* End PBXVariantGroup section */

/* Begin XCBuildConfiguration section */
		F3D22C062A42ECA20014F799 /* Debug */ = {
			isa = XCBuildConfiguration;
			buildSettings = {
				ALWAYS_SEARCH_USER_PATHS = NO;
				CLANG_ANALYZER_NONNULL = YES;
				CLANG_ANALYZER_NUMBER_OBJECT_CONVERSION = YES_AGGRESSIVE;
				CLANG_CXX_LANGUAGE_STANDARD = "gnu++20";
				CLANG_ENABLE_MODULES = YES;
				CLANG_ENABLE_OBJC_ARC = YES;
				CLANG_ENABLE_OBJC_WEAK = YES;
				CLANG_WARN_BLOCK_CAPTURE_AUTORELEASING = YES;
				CLANG_WARN_BOOL_CONVERSION = YES;
				CLANG_WARN_COMMA = YES;
				CLANG_WARN_CONSTANT_CONVERSION = YES;
				CLANG_WARN_DEPRECATED_OBJC_IMPLEMENTATIONS = YES;
				CLANG_WARN_DIRECT_OBJC_ISA_USAGE = YES_ERROR;
				CLANG_WARN_DOCUMENTATION_COMMENTS = YES;
				CLANG_WARN_EMPTY_BODY = YES;
				CLANG_WARN_ENUM_CONVERSION = YES;
				CLANG_WARN_INFINITE_RECURSION = YES;
				CLANG_WARN_INT_CONVERSION = YES;
				CLANG_WARN_NON_LITERAL_NULL_CONVERSION = YES;
				CLANG_WARN_OBJC_IMPLICIT_RETAIN_SELF = YES;
				CLANG_WARN_OBJC_LITERAL_CONVERSION = YES;
				CLANG_WARN_OBJC_ROOT_CLASS = YES_ERROR;
				CLANG_WARN_QUOTED_INCLUDE_IN_FRAMEWORK_HEADER = YES;
				CLANG_WARN_RANGE_LOOP_ANALYSIS = YES;
				CLANG_WARN_STRICT_PROTOTYPES = YES;
				CLANG_WARN_SUSPICIOUS_MOVE = YES;
				CLANG_WARN_UNGUARDED_AVAILABILITY = YES_AGGRESSIVE;
				CLANG_WARN_UNREACHABLE_CODE = YES;
				CLANG_WARN__DUPLICATE_METHOD_MATCH = YES;
				COPY_PHASE_STRIP = NO;
				DEBUG_INFORMATION_FORMAT = dwarf;
				ENABLE_STRICT_OBJC_MSGSEND = YES;
				ENABLE_TESTABILITY = YES;
				GCC_C_LANGUAGE_STANDARD = gnu11;
				GCC_DYNAMIC_NO_PIC = NO;
				GCC_NO_COMMON_BLOCKS = YES;
				GCC_OPTIMIZATION_LEVEL = 0;
				GCC_PREPROCESSOR_DEFINITIONS = (
					"DEBUG=1",
					"$(inherited)",
				);
				GCC_WARN_64_TO_32_BIT_CONVERSION = YES;
				GCC_WARN_ABOUT_RETURN_TYPE = YES_ERROR;
				GCC_WARN_UNDECLARED_SELECTOR = YES;
				GCC_WARN_UNINITIALIZED_AUTOS = YES_AGGRESSIVE;
				GCC_WARN_UNUSED_FUNCTION = YES;
				GCC_WARN_UNUSED_VARIABLE = YES;
				IPHONEOS_DEPLOYMENT_TARGET = 16.4;
				MTL_ENABLE_DEBUG_INFO = INCLUDE_SOURCE;
				MTL_FAST_MATH = YES;
				ONLY_ACTIVE_ARCH = YES;
				SDKROOT = iphoneos;
				SWIFT_ACTIVE_COMPILATION_CONDITIONS = DEBUG;
				SWIFT_OPTIMIZATION_LEVEL = "-Onone";
			};
			name = Debug;
		};
		F3D22C072A42ECA20014F799 /* Release */ = {
			isa = XCBuildConfiguration;
			buildSettings = {
				ALWAYS_SEARCH_USER_PATHS = NO;
				CLANG_ANALYZER_NONNULL = YES;
				CLANG_ANALYZER_NUMBER_OBJECT_CONVERSION = YES_AGGRESSIVE;
				CLANG_CXX_LANGUAGE_STANDARD = "gnu++20";
				CLANG_ENABLE_MODULES = YES;
				CLANG_ENABLE_OBJC_ARC = YES;
				CLANG_ENABLE_OBJC_WEAK = YES;
				CLANG_WARN_BLOCK_CAPTURE_AUTORELEASING = YES;
				CLANG_WARN_BOOL_CONVERSION = YES;
				CLANG_WARN_COMMA = YES;
				CLANG_WARN_CONSTANT_CONVERSION = YES;
				CLANG_WARN_DEPRECATED_OBJC_IMPLEMENTATIONS = YES;
				CLANG_WARN_DIRECT_OBJC_ISA_USAGE = YES_ERROR;
				CLANG_WARN_DOCUMENTATION_COMMENTS = YES;
				CLANG_WARN_EMPTY_BODY = YES;
				CLANG_WARN_ENUM_CONVERSION = YES;
				CLANG_WARN_INFINITE_RECURSION = YES;
				CLANG_WARN_INT_CONVERSION = YES;
				CLANG_WARN_NON_LITERAL_NULL_CONVERSION = YES;
				CLANG_WARN_OBJC_IMPLICIT_RETAIN_SELF = YES;
				CLANG_WARN_OBJC_LITERAL_CONVERSION = YES;
				CLANG_WARN_OBJC_ROOT_CLASS = YES_ERROR;
				CLANG_WARN_QUOTED_INCLUDE_IN_FRAMEWORK_HEADER = YES;
				CLANG_WARN_RANGE_LOOP_ANALYSIS = YES;
				CLANG_WARN_STRICT_PROTOTYPES = YES;
				CLANG_WARN_SUSPICIOUS_MOVE = YES;
				CLANG_WARN_UNGUARDED_AVAILABILITY = YES_AGGRESSIVE;
				CLANG_WARN_UNREACHABLE_CODE = YES;
				CLANG_WARN__DUPLICATE_METHOD_MATCH = YES;
				COPY_PHASE_STRIP = NO;
				DEBUG_INFORMATION_FORMAT = "dwarf-with-dsym";
				ENABLE_NS_ASSERTIONS = NO;
				ENABLE_STRICT_OBJC_MSGSEND = YES;
				GCC_C_LANGUAGE_STANDARD = gnu11;
				GCC_NO_COMMON_BLOCKS = YES;
				GCC_WARN_64_TO_32_BIT_CONVERSION = YES;
				GCC_WARN_ABOUT_RETURN_TYPE = YES_ERROR;
				GCC_WARN_UNDECLARED_SELECTOR = YES;
				GCC_WARN_UNINITIALIZED_AUTOS = YES_AGGRESSIVE;
				GCC_WARN_UNUSED_FUNCTION = YES;
				GCC_WARN_UNUSED_VARIABLE = YES;
				IPHONEOS_DEPLOYMENT_TARGET = 16.4;
				MTL_ENABLE_DEBUG_INFO = NO;
				MTL_FAST_MATH = YES;
				SDKROOT = iphoneos;
				SWIFT_COMPILATION_MODE = wholemodule;
				SWIFT_OPTIMIZATION_LEVEL = "-O";
				VALIDATE_PRODUCT = YES;
			};
			name = Release;
		};
		F3D22C092A42ECA20014F799 /* Debug */ = {
			isa = XCBuildConfiguration;
			buildSettings = {
				ASSETCATALOG_COMPILER_APPICON_NAME = AppIcon;
				ASSETCATALOG_COMPILER_GLOBAL_ACCENT_COLOR_NAME = AccentColor;
				CODE_SIGN_STYLE = Automatic;
				CURRENT_PROJECT_VERSION = 1;
				DEVELOPMENT_TEAM = WCA3388S2A;
				GENERATE_INFOPLIST_FILE = YES;
				INFOPLIST_FILE = NetflixDB/Info.plist;
				INFOPLIST_KEY_UIApplicationSupportsIndirectInputEvents = YES;
				INFOPLIST_KEY_UILaunchStoryboardName = LaunchScreen;
				INFOPLIST_KEY_UIMainStoryboardFile = SplashViewController;
				INFOPLIST_KEY_UIStatusBarStyle = "";
				INFOPLIST_KEY_UISupportedInterfaceOrientations_iPad = "UIInterfaceOrientationPortrait UIInterfaceOrientationPortraitUpsideDown UIInterfaceOrientationLandscapeLeft UIInterfaceOrientationLandscapeRight";
				INFOPLIST_KEY_UISupportedInterfaceOrientations_iPhone = "UIInterfaceOrientationPortrait UIInterfaceOrientationLandscapeLeft UIInterfaceOrientationLandscapeRight";
				LD_RUNPATH_SEARCH_PATHS = (
					"$(inherited)",
					"@executable_path/Frameworks",
				);
				MARKETING_VERSION = 1.0;
				PRODUCT_BUNDLE_IDENTIFIER = AV.NetflixDB;
				PRODUCT_NAME = "$(TARGET_NAME)";
				SWIFT_EMIT_LOC_STRINGS = YES;
				SWIFT_VERSION = 5.0;
				TARGETED_DEVICE_FAMILY = "1,2";
			};
			name = Debug;
		};
		F3D22C0A2A42ECA20014F799 /* Release */ = {
			isa = XCBuildConfiguration;
			buildSettings = {
				ASSETCATALOG_COMPILER_APPICON_NAME = AppIcon;
				ASSETCATALOG_COMPILER_GLOBAL_ACCENT_COLOR_NAME = AccentColor;
				CODE_SIGN_STYLE = Automatic;
				CURRENT_PROJECT_VERSION = 1;
				DEVELOPMENT_TEAM = WCA3388S2A;
				GENERATE_INFOPLIST_FILE = YES;
				INFOPLIST_FILE = NetflixDB/Info.plist;
				INFOPLIST_KEY_UIApplicationSupportsIndirectInputEvents = YES;
				INFOPLIST_KEY_UILaunchStoryboardName = LaunchScreen;
				INFOPLIST_KEY_UIMainStoryboardFile = SplashViewController;
				INFOPLIST_KEY_UIStatusBarStyle = "";
				INFOPLIST_KEY_UISupportedInterfaceOrientations_iPad = "UIInterfaceOrientationPortrait UIInterfaceOrientationPortraitUpsideDown UIInterfaceOrientationLandscapeLeft UIInterfaceOrientationLandscapeRight";
				INFOPLIST_KEY_UISupportedInterfaceOrientations_iPhone = "UIInterfaceOrientationPortrait UIInterfaceOrientationLandscapeLeft UIInterfaceOrientationLandscapeRight";
				LD_RUNPATH_SEARCH_PATHS = (
					"$(inherited)",
					"@executable_path/Frameworks",
				);
				MARKETING_VERSION = 1.0;
				PRODUCT_BUNDLE_IDENTIFIER = AV.NetflixDB;
				PRODUCT_NAME = "$(TARGET_NAME)";
				SWIFT_EMIT_LOC_STRINGS = YES;
				SWIFT_VERSION = 5.0;
				TARGETED_DEVICE_FAMILY = "1,2";
			};
			name = Release;
		};
/* End XCBuildConfiguration section */

/* Begin XCConfigurationList section */
		F3D22BEF2A42ECA00014F799 /* Build configuration list for PBXProject "NetflixDB" */ = {
			isa = XCConfigurationList;
			buildConfigurations = (
				F3D22C062A42ECA20014F799 /* Debug */,
				F3D22C072A42ECA20014F799 /* Release */,
			);
			defaultConfigurationIsVisible = 0;
			defaultConfigurationName = Release;
		};
		F3D22C082A42ECA20014F799 /* Build configuration list for PBXNativeTarget "NetflixDB" */ = {
			isa = XCConfigurationList;
			buildConfigurations = (
				F3D22C092A42ECA20014F799 /* Debug */,
				F3D22C0A2A42ECA20014F799 /* Release */,
			);
			defaultConfigurationIsVisible = 0;
			defaultConfigurationName = Release;
		};
/* End XCConfigurationList section */

/* Begin XCRemoteSwiftPackageReference section */
		F3D22C0B2A42F4A30014F799 /* XCRemoteSwiftPackageReference "Moya" */ = {
			isa = XCRemoteSwiftPackageReference;
			repositoryURL = "https://github.com/Moya/Moya.git";
			requirement = {
				kind = upToNextMajorVersion;
				minimumVersion = 15.0.0;
			};
		};
/* End XCRemoteSwiftPackageReference section */

/* Begin XCSwiftPackageProductDependency section */
		F3D22C0C2A42F4A30014F799 /* Moya */ = {
			isa = XCSwiftPackageProductDependency;
			package = F3D22C0B2A42F4A30014F799 /* XCRemoteSwiftPackageReference "Moya" */;
			productName = Moya;
		};
/* End XCSwiftPackageProductDependency section */
	};
	rootObject = F3D22BEC2A42ECA00014F799 /* Project object */;
}
